
Microsoft Visual Studio Solution File, Format Version 12.00
# Visual Studio Version 17
VisualStudioVersion = 17.0.31903.59
MinimumVisualStudioVersion = 10.0.40219.1
Project("{2150E333-8FDC-42A3-9474-1A3956D46DE8}") = "src", "src", "{827E0CD3-B72D-47B6-A68D-7590B98EB39B}"
EndProject
Project("{FAE04EC0-301F-11D3-BF4B-00C04F79EFBC}") = "GetDue.BuildingBlocks.Money", "src\GetDue.BuildingBlocks.Money\GetDue.BuildingBlocks.Money.csproj", "{A5F222FF-1EEB-470C-9F3A-7EF864E59235}"
EndProject
Project("{FAE04EC0-301F-11D3-BF4B-00C04F79EFBC}") = "GetDue.BuildingBlocks.Outbox", "src\GetDue.BuildingBlocks.Outbox\GetDue.BuildingBlocks.Outbox.csproj", "{A375F176-242F-4B11-8B0B-8C261EABC8AD}"
EndProject
Project("{FAE04EC0-301F-11D3-BF4B-00C04F79EFBC}") = "GetDue.BuildingBlocks.Idempotency", "src\GetDue.BuildingBlocks.Idempotency\GetDue.BuildingBlocks.Idempotency.csproj", "{C5E4455A-C016-4EEB-83E4-CAECCEEEA506}"
EndProject
Project("{FAE04EC0-301F-11D3-BF4B-00C04F79EFBC}") = "GetDue.BuildingBlocks.Telemetry", "src\GetDue.BuildingBlocks.Telemetry\GetDue.BuildingBlocks.Telemetry.csproj", "{305197DE-EE70-410B-9C8F-1390700DDE58}"
EndProject
Project("{FAE04EC0-301F-11D3-BF4B-00C04F79EFBC}") = "GetDue.BuildingBlocks.Auth", "src\GetDue.BuildingBlocks.Auth\GetDue.BuildingBlocks.Auth.csproj", "{36E854B6-9363-4D42-BB15-EF3E0BCFF0B1}"
EndProject
Project("{FAE04EC0-301F-11D3-BF4B-00C04F79EFBC}") = "GetDue.BuildingBlocks.Resilience", "src\GetDue.BuildingBlocks.Resilience\GetDue.BuildingBlocks.Resilience.csproj", "{B3CB99A7-75BB-433B-B6D9-0D40DC1E13F7}"
EndProject
Project("{FAE04EC0-301F-11D3-BF4B-00C04F79EFBC}") = "GetDue.BuildingBlocks.ProblemDetails", "src\GetDue.BuildingBlocks.ProblemDetails\GetDue.BuildingBlocks.ProblemDetails.csproj", "{DFE26958-EAA7-40F7-AB43-56D1DFA2F39A}"
EndProject
Project("{2150E333-8FDC-42A3-9474-1A3956D46DE8}") = "tests", "tests", "{0AB3BF05-4346-4AA6-1389-037BE0695223}"
EndProject
Project("{FAE04EC0-301F-11D3-BF4B-00C04F79EFBC}") = "GetDue.BuildingBlocks.Money.Tests", "tests\GetDue.BuildingBlocks.Money.Tests\GetDue.BuildingBlocks.Money.Tests.csproj", "{633D956E-2BA0-441B-AB0F-1C1DD26ED737}"
EndProject
Project("{FAE04EC0-301F-11D3-BF4B-00C04F79EFBC}") = "GetDue.BuildingBlocks.Outbox.Tests", "tests\GetDue.BuildingBlocks.Outbox.Tests\GetDue.BuildingBlocks.Outbox.Tests.csproj", "{260A6A74-1D6D-4B23-9439-01581A019A1D}"
EndProject
Project("{FAE04EC0-301F-11D3-BF4B-00C04F79EFBC}") = "GetDue.BuildingBlocks.Idempotency.Tests", "tests\GetDue.BuildingBlocks.Idempotency.Tests\GetDue.BuildingBlocks.Idempotency.Tests.csproj", "{63C5785C-A14C-413E-8A77-54F4193271F5}"
EndProject
Project("{FAE04EC0-301F-11D3-BF4B-00C04F79EFBC}") = "GetDue.BuildingBlocks.Telemetry.Tests", "tests\GetDue.BuildingBlocks.Telemetry.Tests\GetDue.BuildingBlocks.Telemetry.Tests.csproj", "{F070A78E-D5E5-4B09-A0FE-A9DA0040C015}"
EndProject
Project("{FAE04EC0-301F-11D3-BF4B-00C04F79EFBC}") = "GetDue.BuildingBlocks.Auth.Tests", "tests\GetDue.BuildingBlocks.Auth.Tests\GetDue.BuildingBlocks.Auth.Tests.csproj", "{8C6FC194-F4AC-4D24-A4F1-C5CA5A95245E}"
EndProject
Project("{FAE04EC0-301F-11D3-BF4B-00C04F79EFBC}") = "GetDue.BuildingBlocks.Resilience.Tests", "tests\GetDue.BuildingBlocks.Resilience.Tests\GetDue.BuildingBlocks.Resilience.Tests.csproj", "{318CD96B-76A6-4EED-90E2-FE26DEC50A69}"
EndProject
Project("{FAE04EC0-301F-11D3-BF4B-00C04F79EFBC}") = "GetDue.BuildingBlocks.ProblemDetails.Tests", "tests\GetDue.BuildingBlocks.ProblemDetails.Tests\GetDue.BuildingBlocks.ProblemDetails.Tests.csproj", "{FF3A82AF-72AB-4815-8375-D46CB1F533F8}"
EndProject
Project("{FAE04EC0-301F-11D3-BF4B-00C04F79EFBC}") = "GetDue.BuildingBlocks.Architecture.Tests", "tests\GetDue.BuildingBlocks.Architecture.Tests\GetDue.BuildingBlocks.Architecture.Tests.csproj", "{AE47AB45-4118-4DEB-8B1B-103476B7727F}"
EndProject
Global
	GlobalSection(SolutionConfigurationPlatforms) = preSolution
		Debug|Any CPU = Debug|Any CPU
		Debug|x64 = Debug|x64
		Debug|x86 = Debug|x86
		Release|Any CPU = Release|Any CPU
		Release|x64 = Release|x64
		Release|x86 = Release|x86
	EndGlobalSection
	GlobalSection(ProjectConfigurationPlatforms) = postSolution
		{A5F222FF-1EEB-470C-9F3A-7EF864E59235}.Debug|Any CPU.ActiveCfg = Debug|Any CPU
		{A5F222FF-1EEB-470C-9F3A-7EF864E59235}.Debug|Any CPU.Build.0 = Debug|Any CPU
		{A5F222FF-1EEB-470C-9F3A-7EF864E59235}.Debug|x64.ActiveCfg = Debug|Any CPU
		{A5F222FF-1EEB-470C-9F3A-7EF864E59235}.Debug|x64.Build.0 = Debug|Any CPU
		{A5F222FF-1EEB-470C-9F3A-7EF864E59235}.Debug|x86.ActiveCfg = Debug|Any CPU
		{A5F222FF-1EEB-470C-9F3A-7EF864E59235}.Debug|x86.Build.0 = Debug|Any CPU
		{A5F222FF-1EEB-470C-9F3A-7EF864E59235}.Release|Any CPU.ActiveCfg = Release|Any CPU
		{A5F222FF-1EEB-470C-9F3A-7EF864E59235}.Release|Any CPU.Build.0 = Release|Any CPU
		{A5F222FF-1EEB-470C-9F3A-7EF864E59235}.Release|x64.ActiveCfg = Release|Any CPU
		{A5F222FF-1EEB-470C-9F3A-7EF864E59235}.Release|x64.Build.0 = Release|Any CPU
		{A5F222FF-1EEB-470C-9F3A-7EF864E59235}.Release|x86.ActiveCfg = Release|Any CPU
		{A5F222FF-1EEB-470C-9F3A-7EF864E59235}.Release|x86.Build.0 = Release|Any CPU
		{A375F176-242F-4B11-8B0B-8C261EABC8AD}.Debug|Any CPU.ActiveCfg = Debug|Any CPU
		{A375F176-242F-4B11-8B0B-8C261EABC8AD}.Debug|Any CPU.Build.0 = Debug|Any CPU
		{A375F176-242F-4B11-8B0B-8C261EABC8AD}.Debug|x64.ActiveCfg = Debug|Any CPU
		{A375F176-242F-4B11-8B0B-8C261EABC8AD}.Debug|x64.Build.0 = Debug|Any CPU
		{A375F176-242F-4B11-8B0B-8C261EABC8AD}.Debug|x86.ActiveCfg = Debug|Any CPU
		{A375F176-242F-4B11-8B0B-8C261EABC8AD}.Debug|x86.Build.0 = Debug|Any CPU
		{A375F176-242F-4B11-8B0B-8C261EABC8AD}.Release|Any CPU.ActiveCfg = Release|Any CPU
		{A375F176-242F-4B11-8B0B-8C261EABC8AD}.Release|Any CPU.Build.0 = Release|Any CPU
		{A375F176-242F-4B11-8B0B-8C261EABC8AD}.Release|x64.ActiveCfg = Release|Any CPU
		{A375F176-242F-4B11-8B0B-8C261EABC8AD}.Release|x64.Build.0 = Release|Any CPU
		{A375F176-242F-4B11-8B0B-8C261EABC8AD}.Release|x86.ActiveCfg = Release|Any CPU
		{A375F176-242F-4B11-8B0B-8C261EABC8AD}.Release|x86.Build.0 = Release|Any CPU
		{C5E4455A-C016-4EEB-83E4-CAECCEEEA506}.Debug|Any CPU.ActiveCfg = Debug|Any CPU
		{C5E4455A-C016-4EEB-83E4-CAECCEEEA506}.Debug|Any CPU.Build.0 = Debug|Any CPU
		{C5E4455A-C016-4EEB-83E4-CAECCEEEA506}.Debug|x64.ActiveCfg = Debug|Any CPU
		{C5E4455A-C016-4EEB-83E4-CAECCEEEA506}.Debug|x64.Build.0 = Debug|Any CPU
		{C5E4455A-C016-4EEB-83E4-CAECCEEEA506}.Debug|x86.ActiveCfg = Debug|Any CPU
		{C5E4455A-C016-4EEB-83E4-CAECCEEEA506}.Debug|x86.Build.0 = Debug|Any CPU
		{C5E4455A-C016-4EEB-83E4-CAECCEEEA506}.Release|Any CPU.ActiveCfg = Release|Any CPU
		{C5E4455A-C016-4EEB-83E4-CAECCEEEA506}.Release|Any CPU.Build.0 = Release|Any CPU
		{C5E4455A-C016-4EEB-83E4-CAECCEEEA506}.Release|x64.ActiveCfg = Release|Any CPU
		{C5E4455A-C016-4EEB-83E4-CAECCEEEA506}.Release|x64.Build.0 = Release|Any CPU
		{C5E4455A-C016-4EEB-83E4-CAECCEEEA506}.Release|x86.ActiveCfg = Release|Any CPU
		{C5E4455A-C016-4EEB-83E4-CAECCEEEA506}.Release|x86.Build.0 = Release|Any CPU
		{305197DE-EE70-410B-9C8F-1390700DDE58}.Debug|Any CPU.ActiveCfg = Debug|Any CPU
		{305197DE-EE70-410B-9C8F-1390700DDE58}.Debug|Any CPU.Build.0 = Debug|Any CPU
		{305197DE-EE70-410B-9C8F-1390700DDE58}.Debug|x64.ActiveCfg = Debug|Any CPU
		{305197DE-EE70-410B-9C8F-1390700DDE58}.Debug|x64.Build.0 = Debug|Any CPU
		{305197DE-EE70-410B-9C8F-1390700DDE58}.Debug|x86.ActiveCfg = Debug|Any CPU
		{305197DE-EE70-410B-9C8F-1390700DDE58}.Debug|x86.Build.0 = Debug|Any CPU
		{305197DE-EE70-410B-9C8F-1390700DDE58}.Release|Any CPU.ActiveCfg = Release|Any CPU
		{305197DE-EE70-410B-9C8F-1390700DDE58}.Release|Any CPU.Build.0 = Release|Any CPU
		{305197DE-EE70-410B-9C8F-1390700DDE58}.Release|x64.ActiveCfg = Release|Any CPU
		{305197DE-EE70-410B-9C8F-1390700DDE58}.Release|x64.Build.0 = Release|Any CPU
		{305197DE-EE70-410B-9C8F-1390700DDE58}.Release|x86.ActiveCfg = Release|Any CPU
		{305197DE-EE70-410B-9C8F-1390700DDE58}.Release|x86.Build.0 = Release|Any CPU
		{36E854B6-9363-4D42-BB15-EF3E0BCFF0B1}.Debug|Any CPU.ActiveCfg = Debug|Any CPU
		{36E854B6-9363-4D42-BB15-EF3E0BCFF0B1}.Debug|Any CPU.Build.0 = Debug|Any CPU
		{36E854B6-9363-4D42-BB15-EF3E0BCFF0B1}.Debug|x64.ActiveCfg = Debug|Any CPU
		{36E854B6-9363-4D42-BB15-EF3E0BCFF0B1}.Debug|x64.Build.0 = Debug|Any CPU
		{36E854B6-9363-4D42-BB15-EF3E0BCFF0B1}.Debug|x86.ActiveCfg = Debug|Any CPU
		{36E854B6-9363-4D42-BB15-EF3E0BCFF0B1}.Debug|x86.Build.0 = Debug|Any CPU
		{36E854B6-9363-4D42-BB15-EF3E0BCFF0B1}.Release|Any CPU.ActiveCfg = Release|Any CPU
		{36E854B6-9363-4D42-BB15-EF3E0BCFF0B1}.Release|Any CPU.Build.0 = Release|Any CPU
		{36E854B6-9363-4D42-BB15-EF3E0BCFF0B1}.Release|x64.ActiveCfg = Release|Any CPU
		{36E854B6-9363-4D42-BB15-EF3E0BCFF0B1}.Release|x64.Build.0 = Release|Any CPU
		{36E854B6-9363-4D42-BB15-EF3E0BCFF0B1}.Release|x86.ActiveCfg = Release|Any CPU
		{36E854B6-9363-4D42-BB15-EF3E0BCFF0B1}.Release|x86.Build.0 = Release|Any CPU
		{B3CB99A7-75BB-433B-B6D9-0D40DC1E13F7}.Debug|Any CPU.ActiveCfg = Debug|Any CPU
		{B3CB99A7-75BB-433B-B6D9-0D40DC1E13F7}.Debug|Any CPU.Build.0 = Debug|Any CPU
		{B3CB99A7-75BB-433B-B6D9-0D40DC1E13F7}.Debug|x64.ActiveCfg = Debug|Any CPU
		{B3CB99A7-75BB-433B-B6D9-0D40DC1E13F7}.Debug|x64.Build.0 = Debug|Any CPU
		{B3CB99A7-75BB-433B-B6D9-0D40DC1E13F7}.Debug|x86.ActiveCfg = Debug|Any CPU
		{B3CB99A7-75BB-433B-B6D9-0D40DC1E13F7}.Debug|x86.Build.0 = Debug|Any CPU
		{B3CB99A7-75BB-433B-B6D9-0D40DC1E13F7}.Release|Any CPU.ActiveCfg = Release|Any CPU
		{B3CB99A7-75BB-433B-B6D9-0D40DC1E13F7}.Release|Any CPU.Build.0 = Release|Any CPU
		{B3CB99A7-75BB-433B-B6D9-0D40DC1E13F7}.Release|x64.ActiveCfg = Release|Any CPU
		{B3CB99A7-75BB-433B-B6D9-0D40DC1E13F7}.Release|x64.Build.0 = Release|Any CPU
		{B3CB99A7-75BB-433B-B6D9-0D40DC1E13F7}.Release|x86.ActiveCfg = Release|Any CPU
		{B3CB99A7-75BB-433B-B6D9-0D40DC1E13F7}.Release|x86.Build.0 = Release|Any CPU
		{DFE26958-EAA7-40F7-AB43-56D1DFA2F39A}.Debug|Any CPU.ActiveCfg = Debug|Any CPU
		{DFE26958-EAA7-40F7-AB43-56D1DFA2F39A}.Debug|Any CPU.Build.0 = Debug|Any CPU
		{DFE26958-EAA7-40F7-AB43-56D1DFA2F39A}.Debug|x64.ActiveCfg = Debug|Any CPU
		{DFE26958-EAA7-40F7-AB43-56D1DFA2F39A}.Debug|x64.Build.0 = Debug|Any CPU
		{DFE26958-EAA7-40F7-AB43-56D1DFA2F39A}.Debug|x86.ActiveCfg = Debug|Any CPU
		{DFE26958-EAA7-40F7-AB43-56D1DFA2F39A}.Debug|x86.Build.0 = Debug|Any CPU
		{DFE26958-EAA7-40F7-AB43-56D1DFA2F39A}.Release|Any CPU.ActiveCfg = Release|Any CPU
		{DFE26958-EAA7-40F7-AB43-56D1DFA2F39A}.Release|Any CPU.Build.0 = Release|Any CPU
		{DFE26958-EAA7-40F7-AB43-56D1DFA2F39A}.Release|x64.ActiveCfg = Release|Any CPU
		{DFE26958-EAA7-40F7-AB43-56D1DFA2F39A}.Release|x64.Build.0 = Release|Any CPU
		{DFE26958-EAA7-40F7-AB43-56D1DFA2F39A}.Release|x86.ActiveCfg = Release|Any CPU
		{DFE26958-EAA7-40F7-AB43-56D1DFA2F39A}.Release|x86.Build.0 = Release|Any CPU
		{633D956E-2BA0-441B-AB0F-1C1DD26ED737}.Debug|Any CPU.ActiveCfg = Debug|Any CPU
		{633D956E-2BA0-441B-AB0F-1C1DD26ED737}.Debug|Any CPU.Build.0 = Debug|Any CPU
		{633D956E-2BA0-441B-AB0F-1C1DD26ED737}.Debug|x64.ActiveCfg = Debug|Any CPU
		{633D956E-2BA0-441B-AB0F-1C1DD26ED737}.Debug|x64.Build.0 = Debug|Any CPU
		{633D956E-2BA0-441B-AB0F-1C1DD26ED737}.Debug|x86.ActiveCfg = Debug|Any CPU
		{633D956E-2BA0-441B-AB0F-1C1DD26ED737}.Debug|x86.Build.0 = Debug|Any CPU
		{633D956E-2BA0-441B-AB0F-1C1DD26ED737}.Release|Any CPU.ActiveCfg = Release|Any CPU
		{633D956E-2BA0-441B-AB0F-1C1DD26ED737}.Release|Any CPU.Build.0 = Release|Any CPU
		{633D956E-2BA0-441B-AB0F-1C1DD26ED737}.Release|x64.ActiveCfg = Release|Any CPU
		{633D956E-2BA0-441B-AB0F-1C1DD26ED737}.Release|x64.Build.0 = Release|Any CPU
		{633D956E-2BA0-441B-AB0F-1C1DD26ED737}.Release|x86.ActiveCfg = Release|Any CPU
		{633D956E-2BA0-441B-AB0F-1C1DD26ED737}.Release|x86.Build.0 = Release|Any CPU
		{260A6A74-1D6D-4B23-9439-01581A019A1D}.Debug|Any CPU.ActiveCfg = Debug|Any CPU
		{260A6A74-1D6D-4B23-9439-01581A019A1D}.Debug|Any CPU.Build.0 = Debug|Any CPU
		{260A6A74-1D6D-4B23-9439-01581A019A1D}.Debug|x64.ActiveCfg = Debug|Any CPU
		{260A6A74-1D6D-4B23-9439-01581A019A1D}.Debug|x64.Build.0 = Debug|Any CPU
		{260A6A74-1D6D-4B23-9439-01581A019A1D}.Debug|x86.ActiveCfg = Debug|Any CPU
		{260A6A74-1D6D-4B23-9439-01581A019A1D}.Debug|x86.Build.0 = Debug|Any CPU
		{260A6A74-1D6D-4B23-9439-01581A019A1D}.Release|Any CPU.ActiveCfg = Release|Any CPU
		{260A6A74-1D6D-4B23-9439-01581A019A1D}.Release|Any CPU.Build.0 = Release|Any CPU
		{260A6A74-1D6D-4B23-9439-01581A019A1D}.Release|x64.ActiveCfg = Release|Any CPU
		{260A6A74-1D6D-4B23-9439-01581A019A1D}.Release|x64.Build.0 = Release|Any CPU
		{260A6A74-1D6D-4B23-9439-01581A019A1D}.Release|x86.ActiveCfg = Release|Any CPU
		{260A6A74-1D6D-4B23-9439-01581A019A1D}.Release|x86.Build.0 = Release|Any CPU
		{63C5785C-A14C-413E-8A77-54F4193271F5}.Debug|Any CPU.ActiveCfg = Debug|Any CPU
		{63C5785C-A14C-413E-8A77-54F4193271F5}.Debug|Any CPU.Build.0 = Debug|Any CPU
		{63C5785C-A14C-413E-8A77-54F4193271F5}.Debug|x64.ActiveCfg = Debug|Any CPU
		{63C5785C-A14C-413E-8A77-54F4193271F5}.Debug|x64.Build.0 = Debug|Any CPU
		{63C5785C-A14C-413E-8A77-54F4193271F5}.Debug|x86.ActiveCfg = Debug|Any CPU
		{63C5785C-A14C-413E-8A77-54F4193271F5}.Debug|x86.Build.0 = Debug|Any CPU
		{63C5785C-A14C-413E-8A77-54F4193271F5}.Release|Any CPU.ActiveCfg = Release|Any CPU
		{63C5785C-A14C-413E-8A77-54F4193271F5}.Release|Any CPU.Build.0 = Release|Any CPU
		{63C5785C-A14C-413E-8A77-54F4193271F5}.Release|x64.ActiveCfg = Release|Any CPU
		{63C5785C-A14C-413E-8A77-54F4193271F5}.Release|x64.Build.0 = Release|Any CPU
		{63C5785C-A14C-413E-8A77-54F4193271F5}.Release|x86.ActiveCfg = Release|Any CPU
		{63C5785C-A14C-413E-8A77-54F4193271F5}.Release|x86.Build.0 = Release|Any CPU
		{F070A78E-D5E5-4B09-A0FE-A9DA0040C015}.Debug|Any CPU.ActiveCfg = Debug|Any CPU
		{F070A78E-D5E5-4B09-A0FE-A9DA0040C015}.Debug|Any CPU.Build.0 = Debug|Any CPU
		{F070A78E-D5E5-4B09-A0FE-A9DA0040C015}.Debug|x64.ActiveCfg = Debug|Any CPU
		{F070A78E-D5E5-4B09-A0FE-A9DA0040C015}.Debug|x64.Build.0 = Debug|Any CPU
		{F070A78E-D5E5-4B09-A0FE-A9DA0040C015}.Debug|x86.ActiveCfg = Debug|Any CPU
		{F070A78E-D5E5-4B09-A0FE-A9DA0040C015}.Debug|x86.Build.0 = Debug|Any CPU
		{F070A78E-D5E5-4B09-A0FE-A9DA0040C015}.Release|Any CPU.ActiveCfg = Release|Any CPU
		{F070A78E-D5E5-4B09-A0FE-A9DA0040C015}.Release|Any CPU.Build.0 = Release|Any CPU
		{F070A78E-D5E5-4B09-A0FE-A9DA0040C015}.Release|x64.ActiveCfg = Release|Any CPU
		{F070A78E-D5E5-4B09-A0FE-A9DA0040C015}.Release|x64.Build.0 = Release|Any CPU
		{F070A78E-D5E5-4B09-A0FE-A9DA0040C015}.Release|x86.ActiveCfg = Release|Any CPU
		{F070A78E-D5E5-4B09-A0FE-A9DA0040C015}.Release|x86.Build.0 = Release|Any CPU
		{8C6FC194-F4AC-4D24-A4F1-C5CA5A95245E}.Debug|Any CPU.ActiveCfg = Debug|Any CPU
		{8C6FC194-F4AC-4D24-A4F1-C5CA5A95245E}.Debug|Any CPU.Build.0 = Debug|Any CPU
		{8C6FC194-F4AC-4D24-A4F1-C5CA5A95245E}.Debug|x64.ActiveCfg = Debug|Any CPU
		{8C6FC194-F4AC-4D24-A4F1-C5CA5A95245E}.Debug|x64.Build.0 = Debug|Any CPU
		{8C6FC194-F4AC-4D24-A4F1-C5CA5A95245E}.Debug|x86.ActiveCfg = Debug|Any CPU
		{8C6FC194-F4AC-4D24-A4F1-C5CA5A95245E}.Debug|x86.Build.0 = Debug|Any CPU
		{8C6FC194-F4AC-4D24-A4F1-C5CA5A95245E}.Release|Any CPU.ActiveCfg = Release|Any CPU
		{8C6FC194-F4AC-4D24-A4F1-C5CA5A95245E}.Release|Any CPU.Build.0 = Release|Any CPU
		{8C6FC194-F4AC-4D24-A4F1-C5CA5A95245E}.Release|x64.ActiveCfg = Release|Any CPU
		{8C6FC194-F4AC-4D24-A4F1-C5CA5A95245E}.Release|x64.Build.0 = Release|Any CPU
		{8C6FC194-F4AC-4D24-A4F1-C5CA5A95245E}.Release|x86.ActiveCfg = Release|Any CPU
		{8C6FC194-F4AC-4D24-A4F1-C5CA5A95245E}.Release|x86.Build.0 = Release|Any CPU
		{318CD96B-76A6-4EED-90E2-FE26DEC50A69}.Debug|Any CPU.ActiveCfg = Debug|Any CPU
		{318CD96B-76A6-4EED-90E2-FE26DEC50A69}.Debug|Any CPU.Build.0 = Debug|Any CPU
		{318CD96B-76A6-4EED-90E2-FE26DEC50A69}.Debug|x64.ActiveCfg = Debug|Any CPU
		{318CD96B-76A6-4EED-90E2-FE26DEC50A69}.Debug|x64.Build.0 = Debug|Any CPU
		{318CD96B-76A6-4EED-90E2-FE26DEC50A69}.Debug|x86.ActiveCfg = Debug|Any CPU
		{318CD96B-76A6-4EED-90E2-FE26DEC50A69}.Debug|x86.Build.0 = Debug|Any CPU
		{318CD96B-76A6-4EED-90E2-FE26DEC50A69}.Release|Any CPU.ActiveCfg = Release|Any CPU
		{318CD96B-76A6-4EED-90E2-FE26DEC50A69}.Release|Any CPU.Build.0 = Release|Any CPU
		{318CD96B-76A6-4EED-90E2-FE26DEC50A69}.Release|x64.ActiveCfg = Release|Any CPU
		{318CD96B-76A6-4EED-90E2-FE26DEC50A69}.Release|x64.Build.0 = Release|Any CPU
		{318CD96B-76A6-4EED-90E2-FE26DEC50A69}.Release|x86.ActiveCfg = Release|Any CPU
		{318CD96B-76A6-4EED-90E2-FE26DEC50A69}.Release|x86.Build.0 = Release|Any CPU
		{FF3A82AF-72AB-4815-8375-D46CB1F533F8}.Debug|Any CPU.ActiveCfg = Debug|Any CPU
		{FF3A82AF-72AB-4815-8375-D46CB1F533F8}.Debug|Any CPU.Build.0 = Debug|Any CPU
		{FF3A82AF-72AB-4815-8375-D46CB1F533F8}.Debug|x64.ActiveCfg = Debug|Any CPU
		{FF3A82AF-72AB-4815-8375-D46CB1F533F8}.Debug|x64.Build.0 = Debug|Any CPU
		{FF3A82AF-72AB-4815-8375-D46CB1F533F8}.Debug|x86.ActiveCfg = Debug|Any CPU
		{FF3A82AF-72AB-4815-8375-D46CB1F533F8}.Debug|x86.Build.0 = Debug|Any CPU
		{FF3A82AF-72AB-4815-8375-D46CB1F533F8}.Release|Any CPU.ActiveCfg = Release|Any CPU
		{FF3A82AF-72AB-4815-8375-D46CB1F533F8}.Release|Any CPU.Build.0 = Release|Any CPU
		{FF3A82AF-72AB-4815-8375-D46CB1F533F8}.Release|x64.ActiveCfg = Release|Any CPU
		{FF3A82AF-72AB-4815-8375-D46CB1F533F8}.Release|x64.Build.0 = Release|Any CPU
		{FF3A82AF-72AB-4815-8375-D46CB1F533F8}.Release|x86.ActiveCfg = Release|Any CPU
		{FF3A82AF-72AB-4815-8375-D46CB1F533F8}.Release|x86.Build.0 = Release|Any CPU
		{AE47AB45-4118-4DEB-8B1B-103476B7727F}.Debug|Any CPU.ActiveCfg = Debug|Any CPU
		{AE47AB45-4118-4DEB-8B1B-103476B7727F}.Debug|Any CPU.Build.0 = Debug|Any CPU
		{AE47AB45-4118-4DEB-8B1B-103476B7727F}.Debug|x64.ActiveCfg = Debug|Any CPU
		{AE47AB45-4118-4DEB-8B1B-103476B7727F}.Debug|x64.Build.0 = Debug|Any CPU
		{AE47AB45-4118-4DEB-8B1B-103476B7727F}.Debug|x86.ActiveCfg = Debug|Any CPU
		{AE47AB45-4118-4DEB-8B1B-103476B7727F}.Debug|x86.Build.0 = Debug|Any CPU
		{AE47AB45-4118-4DEB-8B1B-103476B7727F}.Release|Any CPU.ActiveCfg = Release|Any CPU
		{AE47AB45-4118-4DEB-8B1B-103476B7727F}.Release|Any CPU.Build.0 = Release|Any CPU
		{AE47AB45-4118-4DEB-8B1B-103476B7727F}.Release|x64.ActiveCfg = Release|Any CPU
		{AE47AB45-4118-4DEB-8B1B-103476B7727F}.Release|x64.Build.0 = Release|Any CPU
		{AE47AB45-4118-4DEB-8B1B-103476B7727F}.Release|x86.ActiveCfg = Release|Any CPU
		{AE47AB45-4118-4DEB-8B1B-103476B7727F}.Release|x86.Build.0 = Release|Any CPU
	EndGlobalSection
	GlobalSection(SolutionProperties) = preSolution
		HideSolutionNode = FALSE
	EndGlobalSection
	GlobalSection(NestedProjects) = preSolution
		{A5F222FF-1EEB-470C-9F3A-7EF864E59235} = {827E0CD3-B72D-47B6-A68D-7590B98EB39B}
		{A375F176-242F-4B11-8B0B-8C261EABC8AD} = {827E0CD3-B72D-47B6-A68D-7590B98EB39B}
		{C5E4455A-C016-4EEB-83E4-CAECCEEEA506} = {827E0CD3-B72D-47B6-A68D-7590B98EB39B}
		{305197DE-EE70-410B-9C8F-1390700DDE58} = {827E0CD3-B72D-47B6-A68D-7590B98EB39B}
		{36E854B6-9363-4D42-BB15-EF3E0BCFF0B1} = {827E0CD3-B72D-47B6-A68D-7590B98EB39B}
		{B3CB99A7-75BB-433B-B6D9-0D40DC1E13F7} = {827E0CD3-B72D-47B6-A68D-7590B98EB39B}
		{DFE26958-EAA7-40F7-AB43-56D1DFA2F39A} = {827E0CD3-B72D-47B6-A68D-7590B98EB39B}
		{633D956E-2BA0-441B-AB0F-1C1DD26ED737} = {0AB3BF05-4346-4AA6-1389-037BE0695223}
		{260A6A74-1D6D-4B23-9439-01581A019A1D} = {0AB3BF05-4346-4AA6-1389-037BE0695223}
		{63C5785C-A14C-413E-8A77-54F4193271F5} = {0AB3BF05-4346-4AA6-1389-037BE0695223}
		{F070A78E-D5E5-4B09-A0FE-A9DA0040C015} = {0AB3BF05-4346-4AA6-1389-037BE0695223}
		{8C6FC194-F4AC-4D24-A4F1-C5CA5A95245E} = {0AB3BF05-4346-4AA6-1389-037BE0695223}
		{318CD96B-76A6-4EED-90E2-FE26DEC50A69} = {0AB3BF05-4346-4AA6-1389-037BE0695223}
		{FF3A82AF-72AB-4815-8375-D46CB1F533F8} = {0AB3BF05-4346-4AA6-1389-037BE0695223}
		{AE47AB45-4118-4DEB-8B1B-103476B7727F} = {0AB3BF05-4346-4AA6-1389-037BE0695223}
	EndGlobalSection
EndGlobal
